schema: '2.0'
stages:
  extract:
    cmd: python scripts/extract_shards.py --shards-dir dataset/shards 
      --output-dir dataset/extracted/yolo_helmet_dataset --limit 1
    deps:
    - path: dataset/shards
      hash: md5
      md5: 0d6b84a3323e66dd2aecb20ad1f23cfb.dir
      size: 23998536178
      nfiles: 79
    - path: scripts/extract_shards.py
      hash: md5
      md5: bdd86303ad884881a8f0fdf1637b3a7b
      size: 4678
    outs:
    - path: dataset/extracted/yolo_helmet_dataset
      hash: md5
      md5: ef4cecbe987975c07643adb4b46c98f7.dir
      size: 168868504
      nfiles: 1522
  train:
    cmd: python dataset/TrainYolo/train_yolo.py
    deps:
    - path: dataset/TrainYolo/train_yolo.py
      hash: md5
      md5: 1e7c62d5d5cce2634c99ffc181548c2b
      size: 6621
    - path: dataset/dataset.yaml
      hash: md5
      md5: b58be0619991ec97ce0a509b6343eec5
      size: 580
    - path: dataset/extracted/yolo_helmet_dataset
      hash: md5
      md5: ef4cecbe987975c07643adb4b46c98f7.dir
      size: 168868504
      nfiles: 1522
    params:
      params.yaml:
        model.name: 
          /mmlab_students/storageStudents/nguyenvd/uit_medseg/CS317_MLOps/dataset/TrainYolo/runs/detect/helmet_training/run_12/weights/best.pt
        train.batch: 64
        train.device:
        - 7
        train.epochs: 200
        train.imgsz: 640
        train.name: yolov8_binary_class
        train.patience: 10
        train.project: Helmet_Detection_Project
    outs:
    - path: runs/detect/Helmet_Detection_Project/yolov8_binary_class/results.csv
      hash: md5
      md5: c8a3d242f3392ac8d892ed3885101708
      size: 2538
    - path: 
        runs/detect/Helmet_Detection_Project/yolov8_binary_class/weights/best.pt
      hash: md5
      md5: 3c92aaf38fc0227e1f262de1c4cce4bb
      size: 6222826
  export:
    cmd: python3 scripts/export_onnx.py
    deps:
    - path: 
        runs/detect/Helmet_Detection_Project/yolov8_binary_class/weights/best.pt
      hash: md5
      md5: b2032e0e4a40b7c995fd4a2cda53aa3f
      size: 6222314
    - path: scripts/export_onnx.py
      hash: md5
      md5: d7dae12f9baa378652f551be83831bc5
      size: 9109
    params:
      params.yaml:
        mlflow.deploy_alias: Production
        mlflow.registry_name: YOLOv8_Helmet_Model
        mlflow.tracking_uri: http://localhost:5001
    outs:
    - path: apps/vision_service/models/yolov8/yolov8_helmet.onnx
      hash: md5
      md5: 001896c30e3715c9eb6d02f956c8426e
      size: 12239162
  compile:
    cmd: make build-engine
    deps:
    - path: apps/vision_service/models/yolov8/yolov8_helmet.onnx
      hash: md5
      md5: 001896c30e3715c9eb6d02f956c8426e
      size: 12239162
    - path: scripts/build_engine.sh
      hash: md5
      md5: 8e28aa999709850c0e50337d73554c0c
      size: 1353
    outs:
    - path: 
        apps/vision_service/models/yolov8/yolov8_helmet.onnx_b1_gpu0_fp16.engine
      hash: md5
      md5: f76af66fb334309f825c6b344fda6dd3
      size: 8610548
