schema: '2.0'
stages:
  extract:
    cmd: python scripts/extract_shards.py --shards-dir dataset/shards 
      --output-dir dataset/extracted/yolo_helmet_dataset --limit 0
    deps:
    - path: dataset/shards
      hash: md5
      md5: d9ae1c257d2427f6e90c4d55412fd789.dir
      size: 23999375858
      nfiles: 83
    - path: scripts/extract_shards.py
      hash: md5
      md5: 01c1200dfa3900ed05696f05546a8831
      size: 5228
    outs:
    - path: dataset/extracted/yolo_helmet_dataset
      hash: md5
      md5: 1ff7bea618335ac2ca46d11941053d37.dir
      size: 169267078
      nfiles: 1528
  train:
    cmd: docker run --rm --gpus all --ipc=host --net=host --user "$(id -u):$(id 
      -g)" -e HOME=/tmp -e YOLO_CONFIG_DIR=/tmp -v "$(pwd)":/workspace -w 
      /workspace -e PYTHONPATH=/workspace uit_medseg/mlops_train:dev python3 
      dataset/TrainYolo/train_yolo.py
    deps:
    - path: dataset/TrainYolo/train_yolo.py
      hash: md5
      md5: 13d9ff445174dd969aa990c16c95207a
      size: 6637
    - path: dataset/dataset.yaml
      hash: md5
      md5: 711ce725b89a56c6ad47d876f085862b
      size: 516
    - path: dataset/extracted/yolo_helmet_dataset
      hash: md5
      md5: 1ff7bea618335ac2ca46d11941053d37.dir
      size: 169267078
      nfiles: 1528
    params:
      params.yaml:
        model.name: 
          dataset/TrainYolo/runs/detect/helmet_training/run_12/weights/best.pt
        train.batch: 64
        train.device:
        - 0
        train.epochs: 200
        train.imgsz: 640
        train.name: yolov8_binary_class
        train.patience: 10
        train.project: Helmet_Detection_Project
    outs:
    - path: runs/detect/Helmet_Detection_Project/yolov8_binary_class/results.csv
      hash: md5
      md5: f0abee35ca507a27f4fe6428b27003c4
      size: 3254
    - path: 
        runs/detect/Helmet_Detection_Project/yolov8_binary_class/weights/best.pt
      hash: md5
      md5: 95db5fee4fec5011c62735d460de3dc8
      size: 6225187
  export:
    cmd: docker run --rm --net=host --user "$(id -u):$(id -g)" -e HOME=/tmp -e 
      YOLO_CONFIG_DIR=/tmp -v "$(pwd)":/workspace -w /workspace -e 
      PYTHONPATH=/workspace uit_medseg/mlops_train:dev python3 
      scripts/export_onnx.py
    deps:
    - path: 
        runs/detect/Helmet_Detection_Project/yolov8_binary_class/evaluate_status.json
      hash: md5
      md5: 99839815af5d5c74b46e290b00ff8c0b
      size: 1060
    - path: scripts/export_onnx.py
      hash: md5
      md5: 1624ac7863981b52d2e84f0dbd97d1b6
      size: 12559
    params:
      params.yaml:
        mlflow.deploy_alias: Production
        mlflow.registry_name: YOLOv8_Helmet_Model
        mlflow.tracking_uri: http://localhost:5001
    outs:
    - path: apps/vision_service/models/yolov8/yolov8_helmet.onnx
      hash: md5
      md5: 34e6c41d121be8273832e6e90f91f079
      size: 12239102
    - path: 
        runs/detect/Helmet_Detection_Project/yolov8_binary_class/export_status.json
      hash: md5
      md5: 822879cc265376d1e68b55af73c468fd
      size: 461
  compile:
    cmd: make build-engine
    deps:
    - path: apps/vision_service/models/yolov8/yolov8_helmet.onnx
      hash: md5
      md5: 34e6c41d121be8273832e6e90f91f079
      size: 12239102
    - path: scripts/build_engine.sh
      hash: md5
      md5: 8e28aa999709850c0e50337d73554c0c
      size: 1353
    outs:
    - path: 
        apps/vision_service/models/yolov8/yolov8_helmet.onnx_b1_gpu0_fp16.engine
      hash: md5
      md5: 7b7b431f3228696989fa283131c4c88f
      size: 8430140
  evaluate:
    cmd: docker run --rm --gpus all --ipc=host --net=host --user "$(id -u):$(id 
      -g)" -e HOME=/tmp -e YOLO_CONFIG_DIR=/tmp -v "$(pwd)":/workspace -w 
      /workspace -e PYTHONPATH=/workspace uit_medseg/mlops_train:dev python3 
      scripts/evaluate_model.py
    deps:
    - path: dataset/gold_standard
      hash: md5
      md5: 13c0ed15c2806a2bc5c1f9c324f83c81.dir
      size: 66748264
      nfiles: 601
    - path: dataset/gold_standard.yaml
      hash: md5
      md5: 02c63f6656676eebfc33a5ad8c8865ea
      size: 555
    - path: 
        runs/detect/Helmet_Detection_Project/yolov8_binary_class/weights/best.pt
      hash: md5
      md5: 95db5fee4fec5011c62735d460de3dc8
      size: 6225187
    - path: scripts/evaluate_model.py
      hash: md5
      md5: 5e576291deccc6d2cbe10a96cbde7778
      size: 17521
      isexec: true
    outs:
    - path: 
        runs/detect/Helmet_Detection_Project/yolov8_binary_class/evaluate_status.json
      hash: md5
      md5: 99839815af5d5c74b46e290b00ff8c0b
      size: 1060
